
Microsoft Visual Studio Solution File, Format Version 12.00
# Visual Studio Version 17
VisualStudioVersion = 17.8.34004.107
MinimumVisualStudioVersion = 10.0.40219.1
Project("{FAE04EC0-301F-11D3-BF4B-00C04F79EFBC}") = "MVCTest2B", "MVCTest2B\MVCTest2B.csproj", "{B4F058B8-7482-4FDB-ACF0-3B1DBE10663B}"
EndProject
Global
	GlobalSection(SolutionConfigurationPlatforms) = preSolution
		Debug|Any CPU = Debug|Any CPU
		Release|Any CPU = Release|Any CPU
	EndGlobalSection
	GlobalSection(ProjectConfigurationPlatforms) = postSolution
		{B4F058B8-7482-4FDB-ACF0-3B1DBE10663B}.Debug|Any CPU.ActiveCfg = Debug|Any CPU
		{B4F058B8-7482-4FDB-ACF0-3B1DBE10663B}.Debug|Any CPU.Build.0 = Debug|Any CPU
		{B4F058B8-7482-4FDB-ACF0-3B1DBE10663B}.Release|Any CPU.ActiveCfg = Release|Any CPU
		{B4F058B8-7482-4FDB-ACF0-3B1DBE10663B}.Release|Any CPU.Build.0 = Release|Any CPU
	EndGlobalSection
	GlobalSection(SolutionProperties) = preSolution
		HideSolutionNode = FALSE
	EndGlobalSection
	GlobalSection(ExtensibilityGlobals) = postSolution
		SolutionGuid = {1CCB5A22-7388-4286-9DBF-3CBE2AADE247}
	EndGlobalSection
EndGlobal
